PODS:
  - Flutter (1.0.0)
  - FlutterPluginRegistrant (0.0.1):
    - Flutter
    - freezer_plugin
  - freezer_plugin (0.0.1):
    - Flutter

DEPENDENCIES:
  - Flutter (from `freezer/.ios/Flutter`)
  - FlutterPluginRegistrant (from `freezer/.ios/Flutter/FlutterPluginRegistrant`)
  - freezer_plugin (from `freezer/.ios/.symlinks/plugins/freezer_plugin/ios`)

EXTERNAL SOURCES:
  Flutter:
    :path: freezer/.ios/Flutter
  FlutterPluginRegistrant:
    :path: freezer/.ios/Flutter/FlutterPluginRegistrant
  freezer_plugin:
    :path: freezer/.ios/.symlinks/plugins/freezer_plugin/ios

SPEC CHECKSUMS:
  Flutter: e0871f40cf51350855a761d2e70bf5af5b9b5de7
  FlutterPluginRegistrant: 8a166dc62b1df5abe0c8e4b6e2307898e77d0b00
  freezer_plugin: 46f497a36c41251466747c64536f49be1823fca9

PODFILE CHECKSUM: ce986653583a048abbfb8bc99f8874920b8d324f

COCOAPODS: 1.15.2
