// !$*UTF8*$!
{
	archiveVersion = 1;
	classes = {
	};
	objectVersion = 56;
	objects = {

/* Begin PBXBuildFile section */
		B24664B142CA58D41E33E0DC /* Pods_FlutterExperiments.framework in Frameworks */ = {isa = PBXBuildFile; fileRef = 7A7247D416E3764394DEB6BD /* Pods_FlutterExperiments.framework */; };
		DE1968C82CFDDE2F00F8564E /* AppDelegate.swift in Sources */ = {isa = PBXBuildFile; fileRef = DE1968C72CFDDE2F00F8564E /* AppDelegate.swift */; };
		DE1968CA2CFDDE2F00F8564E /* SceneDelegate.swift in Sources */ = {isa = PBXBuildFile; fileRef = DE1968C92CFDDE2F00F8564E /* SceneDelegate.swift */; };
		DE1968D12CFDDE3000F8564E /* Assets.xcassets in Resources */ = {isa = PBXBuildFile; fileRef = DE1968D02CFDDE3000F8564E /* Assets.xcassets */; };
		DE1968D42CFDDE3000F8564E /* Base in Resources */ = {isa = PBXBuildFile; fileRef = DE1968D32CFDDE3000F8564E /* Base */; };
/* End PBXBuildFile section */

/* Begin PBXFileReference section */
		6473813120F00BE2597A1B85 /* Pods-FlutterExperiments.release.xcconfig */ = {isa = PBXFileReference; includeInIndex = 1; lastKnownFileType = text.xcconfig; name = "Pods-FlutterExperiments.release.xcconfig"; path = "Target Support Files/Pods-FlutterExperiments/Pods-FlutterExperiments.release.xcconfig"; sourceTree = "<group>"; };
		7A7247D416E3764394DEB6BD /* Pods_FlutterExperiments.framework */ = {isa = PBXFileReference; explicitFileType = wrapper.framework; includeInIndex = 0; path = Pods_FlutterExperiments.framework; sourceTree = BUILT_PRODUCTS_DIR; };
		87743DEF4D52922AF62694AC /* Pods-FlutterExperiments.debug.xcconfig */ = {isa = PBXFileReference; includeInIndex = 1; lastKnownFileType = text.xcconfig; name = "Pods-FlutterExperiments.debug.xcconfig"; path = "Target Support Files/Pods-FlutterExperiments/Pods-FlutterExperiments.debug.xcconfig"; sourceTree = "<group>"; };
		DE1968C42CFDDE2F00F8564E /* FlutterExperiments.app */ = {isa = PBXFileReference; explicitFileType = wrapper.application; includeInIndex = 0; path = FlutterExperiments.app; sourceTree = BUILT_PRODUCTS_DIR; };
		DE1968C72CFDDE2F00F8564E /* AppDelegate.swift */ = {isa = PBXFileReference; lastKnownFileType = sourcecode.swift; path = AppDelegate.swift; sourceTree = "<group>"; };
		DE1968C92CFDDE2F00F8564E /* SceneDelegate.swift */ = {isa = PBXFileReference; lastKnownFileType = sourcecode.swift; path = SceneDelegate.swift; sourceTree = "<group>"; };
		DE1968D02CFDDE3000F8564E /* Assets.xcassets */ = {isa = PBXFileReference; lastKnownFileType = folder.assetcatalog; path = Assets.xcassets; sourceTree = "<group>"; };
		DE1968D32CFDDE3000F8564E /* Base */ = {isa = PBXFileReference; lastKnownFileType = file.storyboard; name = Base; path = Base.lproj/LaunchScreen.storyboard; sourceTree = "<group>"; };
		DE1968D52CFDDE3000F8564E /* Info.plist */ = {isa = PBXFileReference; lastKnownFileType = text.plist.xml; path = Info.plist; sourceTree = "<group>"; };
/* End PBXFileReference section */

/* Begin PBXFrameworksBuildPhase section */
		DE1968C12CFDDE2F00F8564E /* Frameworks */ = {
			isa = PBXFrameworksBuildPhase;
			buildActionMask = 2147483647;
			files = (
				B24664B142CA58D41E33E0DC /* Pods_FlutterExperiments.framework in Frameworks */,
			);
			runOnlyForDeploymentPostprocessing = 0;
		};
/* End PBXFrameworksBuildPhase section */

/* Begin PBXGroup section */
		4F68814A2B87D4D8F3772BF0 /* Frameworks */ = {
			isa = PBXGroup;
			children = (
				7A7247D416E3764394DEB6BD /* Pods_FlutterExperiments.framework */,
			);
			name = Frameworks;
			sourceTree = "<group>";
		};
		93664D23E212F7E9C9F8CDF6 /* Pods */ = {
			isa = PBXGroup;
			children = (
				87743DEF4D52922AF62694AC /* Pods-FlutterExperiments.debug.xcconfig */,
				6473813120F00BE2597A1B85 /* Pods-FlutterExperiments.release.xcconfig */,
			);
			path = Pods;
			sourceTree = "<group>";
		};
		DE1968BB2CFDDE2F00F8564E = {
			isa = PBXGroup;
			children = (
				DE1968C62CFDDE2F00F8564E /* FlutterExperiments */,
				DE1968C52CFDDE2F00F8564E /* Products */,
				93664D23E212F7E9C9F8CDF6 /* Pods */,
				4F68814A2B87D4D8F3772BF0 /* Frameworks */,
			);
			sourceTree = "<group>";
		};
		DE1968C52CFDDE2F00F8564E /* Products */ = {
			isa = PBXGroup;
			children = (
				DE1968C42CFDDE2F00F8564E /* FlutterExperiments.app */,
			);
			name = Products;
			sourceTree = "<group>";
		};
		DE1968C62CFDDE2F00F8564E /* FlutterExperiments */ = {
			isa = PBXGroup;
			children = (
				DE1968C72CFDDE2F00F8564E /* AppDelegate.swift */,
				DE1968C92CFDDE2F00F8564E /* SceneDelegate.swift */,
				DE1968D02CFDDE3000F8564E /* Assets.xcassets */,
				DE1968D22CFDDE3000F8564E /* LaunchScreen.storyboard */,
				DE1968D52CFDDE3000F8564E /* Info.plist */,
			);
			path = FlutterExperiments;
			sourceTree = "<group>";
		};
/* End PBXGroup section */

/* Begin PBXNativeTarget section */
		DE1968C32CFDDE2F00F8564E /* FlutterExperiments */ = {
			isa = PBXNativeTarget;
			buildConfigurationList = DE1968D82CFDDE3000F8564E /* Build configuration list for PBXNativeTarget "FlutterExperiments" */;
			buildPhases = (
				4D6ED63B98FAB6F102417848 /* [CP] Check Pods Manifest.lock */,
				F7E308A851490BDD4529A036 /* [CP-User] Run Flutter Build freezer Script */,
				DE1968C02CFDDE2F00F8564E /* Sources */,
				DE1968C12CFDDE2F00F8564E /* Frameworks */,
				DE1968C22CFDDE2F00F8564E /* Resources */,
				D384CAD4B9359082AE749ECA /* [CP-User] Embed Flutter Build freezer Script */,
				D383A12FAE0F9CBFFCB69B7D /* [CP] Embed Pods Frameworks */,
			);
			buildRules = (
			);
			dependencies = (
			);
			name = FlutterExperiments;
			productName = FlutterExperiments;
			productReference = DE1968C42CFDDE2F00F8564E /* FlutterExperiments.app */;
			productType = "com.apple.product-type.application";
		};
/* End PBXNativeTarget section */

/* Begin PBXProject section */
		DE1968BC2CFDDE2F00F8564E /* Project object */ = {
			isa = PBXProject;
			attributes = {
				BuildIndependentTargetsInParallel = 1;
				LastSwiftUpdateCheck = 1540;
				LastUpgradeCheck = 1540;
				TargetAttributes = {
					DE1968C32CFDDE2F00F8564E = {
						CreatedOnToolsVersion = 15.4;
					};
				};
			};
			buildConfigurationList = DE1968BF2CFDDE2F00F8564E /* Build configuration list for PBXProject "FlutterExperiments" */;
			compatibilityVersion = "Xcode 14.0";
			developmentRegion = en;
			hasScannedForEncodings = 0;
			knownRegions = (
				en,
				Base,
			);
			mainGroup = DE1968BB2CFDDE2F00F8564E;
			productRefGroup = DE1968C52CFDDE2F00F8564E /* Products */;
			projectDirPath = "";
			projectRoot = "";
			targets = (
				DE1968C32CFDDE2F00F8564E /* FlutterExperiments */,
			);
		};
/* End PBXProject section */

/* Begin PBXResourcesBuildPhase section */
		DE1968C22CFDDE2F00F8564E /* Resources */ = {
			isa = PBXResourcesBuildPhase;
			buildActionMask = 2147483647;
			files = (
				DE1968D12CFDDE3000F8564E /* Assets.xcassets in Resources */,
				DE1968D42CFDDE3000F8564E /* Base in Resources */,
			);
			runOnlyForDeploymentPostprocessing = 0;
		};
/* End PBXResourcesBuildPhase section */

/* Begin PBXShellScriptBuildPhase section */
		4D6ED63B98FAB6F102417848 /* [CP] Check Pods Manifest.lock */ = {
			isa = PBXShellScriptBuildPhase;
			buildActionMask = 2147483647;
			files = (
			);
			inputFileListPaths = (
			);
			inputPaths = (
				"${PODS_PODFILE_DIR_PATH}/Podfile.lock",
				"${PODS_ROOT}/Manifest.lock",
			);
			name = "[CP] Check Pods Manifest.lock";
			outputFileListPaths = (
			);
			outputPaths = (
				"$(DERIVED_FILE_DIR)/Pods-FlutterExperiments-checkManifestLockResult.txt",
			);
			runOnlyForDeploymentPostprocessing = 0;
			shellPath = /bin/sh;
			shellScript = "diff \"${PODS_PODFILE_DIR_PATH}/Podfile.lock\" \"${PODS_ROOT}/Manifest.lock\" > /dev/null\nif [ $? != 0 ] ; then\n    # print error to STDERR\n    echo \"error: The sandbox is not in sync with the Podfile.lock. Run 'pod install' or update your CocoaPods installation.\" >&2\n    exit 1\nfi\n# This output is used by Xcode 'outputs' to avoid re-running this script phase.\necho \"SUCCESS\" > \"${SCRIPT_OUTPUT_FILE_0}\"\n";
			showEnvVarsInLog = 0;
		};
		D383A12FAE0F9CBFFCB69B7D /* [CP] Embed Pods Frameworks */ = {
			isa = PBXShellScriptBuildPhase;
			buildActionMask = 2147483647;
			files = (
			);
			inputFileListPaths = (
				"${PODS_ROOT}/Target Support Files/Pods-FlutterExperiments/Pods-FlutterExperiments-frameworks-${CONFIGURATION}-input-files.xcfilelist",
			);
			name = "[CP] Embed Pods Frameworks";
			outputFileListPaths = (
				"${PODS_ROOT}/Target Support Files/Pods-FlutterExperiments/Pods-FlutterExperiments-frameworks-${CONFIGURATION}-output-files.xcfilelist",
			);
			runOnlyForDeploymentPostprocessing = 0;
			shellPath = /bin/sh;
			shellScript = "\"${PODS_ROOT}/Target Support Files/Pods-FlutterExperiments/Pods-FlutterExperiments-frameworks.sh\"\n";
			showEnvVarsInLog = 0;
		};
		D384CAD4B9359082AE749ECA /* [CP-User] Embed Flutter Build freezer Script */ = {
			isa = PBXShellScriptBuildPhase;
			buildActionMask = 2147483647;
			files = (
			);
			name = "[CP-User] Embed Flutter Build freezer Script";
			runOnlyForDeploymentPostprocessing = 0;
			shellPath = /bin/sh;
			shellScript = "set -e\nset -u\nsource \"${SRCROOT}/freezer/.ios/Flutter/flutter_export_environment.sh\"\nexport VERBOSE_SCRIPT_LOGGING=1 && \"$FLUTTER_ROOT\"/packages/flutter_tools/bin/xcode_backend.sh embed_and_thin";
		};
		F7E308A851490BDD4529A036 /* [CP-User] Run Flutter Build freezer Script */ = {
			isa = PBXShellScriptBuildPhase;
			buildActionMask = 2147483647;
			files = (
			);
			name = "[CP-User] Run Flutter Build freezer Script";
			runOnlyForDeploymentPostprocessing = 0;
			shellPath = /bin/sh;
			shellScript = "set -e\nset -u\nsource \"${SRCROOT}/freezer/.ios/Flutter/flutter_export_environment.sh\"\nexport VERBOSE_SCRIPT_LOGGING=1 && \"$FLUTTER_ROOT\"/packages/flutter_tools/bin/xcode_backend.sh build";
		};
/* End PBXShellScriptBuildPhase section */

/* Begin PBXSourcesBuildPhase section */
		DE1968C02CFDDE2F00F8564E /* Sources */ = {
			isa = PBXSourcesBuildPhase;
			buildActionMask = 2147483647;
			files = (
				DE1968C82CFDDE2F00F8564E /* AppDelegate.swift in Sources */,
				DE1968CA2CFDDE2F00F8564E /* SceneDelegate.swift in Sources */,
			);
			runOnlyForDeploymentPostprocessing = 0;
		};
/* End PBXSourcesBuildPhase section */

/* Begin PBXVariantGroup section */
		DE1968D22CFDDE3000F8564E /* LaunchScreen.storyboard */ = {
			isa = PBXVariantGroup;
			children = (
				DE1968D32CFDDE3000F8564E /* Base */,
			);
			name = LaunchScreen.storyboard;
			sourceTree = "<group>";
		};
/* End PBXVariantGroup section */

/* Begin XCBuildConfiguration section */
		DE1968D62CFDDE3000F8564E /* Debug */ = {
			isa = XCBuildConfiguration;
			buildSettings = {
				ALWAYS_SEARCH_USER_PATHS = NO;
				ASSETCATALOG_COMPILER_GENERATE_SWIFT_ASSET_SYMBOL_EXTENSIONS = YES;
				CLANG_ANALYZER_NONNULL = YES;
				CLANG_ANALYZER_NUMBER_OBJECT_CONVERSION = YES_AGGRESSIVE;
				CLANG_CXX_LANGUAGE_STANDARD = "gnu++20";
				CLANG_ENABLE_MODULES = YES;
				CLANG_ENABLE_OBJC_ARC = YES;
				CLANG_ENABLE_OBJC_WEAK = YES;
				CLANG_WARN_BLOCK_CAPTURE_AUTORELEASING = YES;
				CLANG_WARN_BOOL_CONVERSION = YES;
				CLANG_WARN_COMMA = YES;
				CLANG_WARN_CONSTANT_CONVERSION = YES;
				CLANG_WARN_DEPRECATED_OBJC_IMPLEMENTATIONS = YES;
				CLANG_WARN_DIRECT_OBJC_ISA_USAGE = YES_ERROR;
				CLANG_WARN_DOCUMENTATION_COMMENTS = YES;
				CLANG_WARN_EMPTY_BODY = YES;
				CLANG_WARN_ENUM_CONVERSION = YES;
				CLANG_WARN_INFINITE_RECURSION = YES;
				CLANG_WARN_INT_CONVERSION = YES;
				CLANG_WARN_NON_LITERAL_NULL_CONVERSION = YES;
				CLANG_WARN_OBJC_IMPLICIT_RETAIN_SELF = YES;
				CLANG_WARN_OBJC_LITERAL_CONVERSION = YES;
				CLANG_WARN_OBJC_ROOT_CLASS = YES_ERROR;
				CLANG_WARN_QUOTED_INCLUDE_IN_FRAMEWORK_HEADER = YES;
				CLANG_WARN_RANGE_LOOP_ANALYSIS = YES;
				CLANG_WARN_STRICT_PROTOTYPES = YES;
				CLANG_WARN_SUSPICIOUS_MOVE = YES;
				CLANG_WARN_UNGUARDED_AVAILABILITY = YES_AGGRESSIVE;
				CLANG_WARN_UNREACHABLE_CODE = YES;
				CLANG_WARN__DUPLICATE_METHOD_MATCH = YES;
				COPY_PHASE_STRIP = NO;
				DEBUG_INFORMATION_FORMAT = dwarf;
				ENABLE_STRICT_OBJC_MSGSEND = YES;
				ENABLE_TESTABILITY = YES;
				ENABLE_USER_SCRIPT_SANDBOXING = YES;
				GCC_C_LANGUAGE_STANDARD = gnu17;
				GCC_DYNAMIC_NO_PIC = NO;
				GCC_NO_COMMON_BLOCKS = YES;
				GCC_OPTIMIZATION_LEVEL = 0;
				GCC_PREPROCESSOR_DEFINITIONS = (
					"DEBUG=1",
					"$(inherited)",
				);
				GCC_WARN_64_TO_32_BIT_CONVERSION = YES;
				GCC_WARN_ABOUT_RETURN_TYPE = YES_ERROR;
				GCC_WARN_UNDECLARED_SELECTOR = YES;
				GCC_WARN_UNINITIALIZED_AUTOS = YES_AGGRESSIVE;
				GCC_WARN_UNUSED_FUNCTION = YES;
				GCC_WARN_UNUSED_VARIABLE = YES;
				IPHONEOS_DEPLOYMENT_TARGET = 17.5;
				LOCALIZATION_PREFERS_STRING_CATALOGS = YES;
				MTL_ENABLE_DEBUG_INFO = INCLUDE_SOURCE;
				MTL_FAST_MATH = YES;
				ONLY_ACTIVE_ARCH = YES;
				SDKROOT = iphoneos;
				SWIFT_ACTIVE_COMPILATION_CONDITIONS = "DEBUG $(inherited)";
				SWIFT_OPTIMIZATION_LEVEL = "-Onone";
			};
			name = Debug;
		};
		DE1968D72CFDDE3000F8564E /* Release */ = {
			isa = XCBuildConfiguration;
			buildSettings = {
				ALWAYS_SEARCH_USER_PATHS = NO;
				ASSETCATALOG_COMPILER_GENERATE_SWIFT_ASSET_SYMBOL_EXTENSIONS = YES;
				CLANG_ANALYZER_NONNULL = YES;
				CLANG_ANALYZER_NUMBER_OBJECT_CONVERSION = YES_AGGRESSIVE;
				CLANG_CXX_LANGUAGE_STANDARD = "gnu++20";
				CLANG_ENABLE_MODULES = YES;
				CLANG_ENABLE_OBJC_ARC = YES;
				CLANG_ENABLE_OBJC_WEAK = YES;
				CLANG_WARN_BLOCK_CAPTURE_AUTORELEASING = YES;
				CLANG_WARN_BOOL_CONVERSION = YES;
				CLANG_WARN_COMMA = YES;
				CLANG_WARN_CONSTANT_CONVERSION = YES;
				CLANG_WARN_DEPRECATED_OBJC_IMPLEMENTATIONS = YES;
				CLANG_WARN_DIRECT_OBJC_ISA_USAGE = YES_ERROR;
				CLANG_WARN_DOCUMENTATION_COMMENTS = YES;
				CLANG_WARN_EMPTY_BODY = YES;
				CLANG_WARN_ENUM_CONVERSION = YES;
				CLANG_WARN_INFINITE_RECURSION = YES;
				CLANG_WARN_INT_CONVERSION = YES;
				CLANG_WARN_NON_LITERAL_NULL_CONVERSION = YES;
				CLANG_WARN_OBJC_IMPLICIT_RETAIN_SELF = YES;
				CLANG_WARN_OBJC_LITERAL_CONVERSION = YES;
				CLANG_WARN_OBJC_ROOT_CLASS = YES_ERROR;
				CLANG_WARN_QUOTED_INCLUDE_IN_FRAMEWORK_HEADER = YES;
				CLANG_WARN_RANGE_LOOP_ANALYSIS = YES;
				CLANG_WARN_STRICT_PROTOTYPES = YES;
				CLANG_WARN_SUSPICIOUS_MOVE = YES;
				CLANG_WARN_UNGUARDED_AVAILABILITY = YES_AGGRESSIVE;
				CLANG_WARN_UNREACHABLE_CODE = YES;
				CLANG_WARN__DUPLICATE_METHOD_MATCH = YES;
				COPY_PHASE_STRIP = NO;
				DEBUG_INFORMATION_FORMAT = "dwarf-with-dsym";
				ENABLE_NS_ASSERTIONS = NO;
				ENABLE_STRICT_OBJC_MSGSEND = YES;
				ENABLE_USER_SCRIPT_SANDBOXING = YES;
				GCC_C_LANGUAGE_STANDARD = gnu17;
				GCC_NO_COMMON_BLOCKS = YES;
				GCC_WARN_64_TO_32_BIT_CONVERSION = YES;
				GCC_WARN_ABOUT_RETURN_TYPE = YES_ERROR;
				GCC_WARN_UNDECLARED_SELECTOR = YES;
				GCC_WARN_UNINITIALIZED_AUTOS = YES_AGGRESSIVE;
				GCC_WARN_UNUSED_FUNCTION = YES;
				GCC_WARN_UNUSED_VARIABLE = YES;
				IPHONEOS_DEPLOYMENT_TARGET = 17.5;
				LOCALIZATION_PREFERS_STRING_CATALOGS = YES;
				MTL_ENABLE_DEBUG_INFO = NO;
				MTL_FAST_MATH = YES;
				SDKROOT = iphoneos;
				SWIFT_COMPILATION_MODE = wholemodule;
				VALIDATE_PRODUCT = YES;
			};
			name = Release;
		};
		DE1968D92CFDDE3000F8564E /* Debug */ = {
			isa = XCBuildConfiguration;
			baseConfigurationReference = 87743DEF4D52922AF62694AC /* Pods-FlutterExperiments.debug.xcconfig */;
			buildSettings = {
				ASSETCATALOG_COMPILER_APPICON_NAME = AppIcon;
				ASSETCATALOG_COMPILER_GLOBAL_ACCENT_COLOR_NAME = AccentColor;
				CODE_SIGN_STYLE = Automatic;
				CURRENT_PROJECT_VERSION = 1;
				DEVELOPMENT_TEAM = 8NPKSQD57J;
				ENABLE_APP_SANDBOX = NO;
				ENABLE_USER_SCRIPT_SANDBOXING = NO;
				GENERATE_INFOPLIST_FILE = YES;
				INFOPLIST_FILE = FlutterExperiments/Info.plist;
				INFOPLIST_KEY_UIApplicationSupportsIndirectInputEvents = YES;
				INFOPLIST_KEY_UILaunchStoryboardName = LaunchScreen;
				INFOPLIST_KEY_UIMainStoryboardFile = "";
				INFOPLIST_KEY_UISupportedInterfaceOrientations_iPad = "UIInterfaceOrientationPortrait UIInterfaceOrientationPortraitUpsideDown UIInterfaceOrientationLandscapeLeft UIInterfaceOrientationLandscapeRight";
				INFOPLIST_KEY_UISupportedInterfaceOrientations_iPhone = "UIInterfaceOrientationPortrait UIInterfaceOrientationLandscapeLeft UIInterfaceOrientationLandscapeRight";
				LD_RUNPATH_SEARCH_PATHS = (
					"$(inherited)",
					"@executable_path/Frameworks",
				);
				MARKETING_VERSION = 1.0;
				PRODUCT_BUNDLE_IDENTIFIER = de.motain.iliga.FlutterExperiments;
				PRODUCT_NAME = "$(TARGET_NAME)";
				SWIFT_EMIT_LOC_STRINGS = YES;
				SWIFT_VERSION = 5.0;
				TARGETED_DEVICE_FAMILY = "1,2";
			};
			name = Debug;
		};
		DE1968DA2CFDDE3000F8564E /* Release */ = {
			isa = XCBuildConfiguration;
			baseConfigurationReference = 6473813120F00BE2597A1B85 /* Pods-FlutterExperiments.release.xcconfig */;
			buildSettings = {
				ASSETCATALOG_COMPILER_APPICON_NAME = AppIcon;
				ASSETCATALOG_COMPILER_GLOBAL_ACCENT_COLOR_NAME = AccentColor;
				CODE_SIGN_STYLE = Automatic;
				CURRENT_PROJECT_VERSION = 1;
				DEVELOPMENT_TEAM = 8NPKSQD57J;
				ENABLE_APP_SANDBOX = NO;
				ENABLE_USER_SCRIPT_SANDBOXING = NO;
				GENERATE_INFOPLIST_FILE = YES;
				INFOPLIST_FILE = FlutterExperiments/Info.plist;
				INFOPLIST_KEY_UIApplicationSupportsIndirectInputEvents = YES;
				INFOPLIST_KEY_UILaunchStoryboardName = LaunchScreen;
				INFOPLIST_KEY_UIMainStoryboardFile = "";
				INFOPLIST_KEY_UISupportedInterfaceOrientations_iPad = "UIInterfaceOrientationPortrait UIInterfaceOrientationPortraitUpsideDown UIInterfaceOrientationLandscapeLeft UIInterfaceOrientationLandscapeRight";
				INFOPLIST_KEY_UISupportedInterfaceOrientations_iPhone = "UIInterfaceOrientationPortrait UIInterfaceOrientationLandscapeLeft UIInterfaceOrientationLandscapeRight";
				LD_RUNPATH_SEARCH_PATHS = (
					"$(inherited)",
					"@executable_path/Frameworks",
				);
				MARKETING_VERSION = 1.0;
				PRODUCT_BUNDLE_IDENTIFIER = de.motain.iliga.FlutterExperiments;
				PRODUCT_NAME = "$(TARGET_NAME)";
				SWIFT_EMIT_LOC_STRINGS = YES;
				SWIFT_VERSION = 5.0;
				TARGETED_DEVICE_FAMILY = "1,2";
			};
			name = Release;
		};
/* End XCBuildConfiguration section */

/* Begin XCConfigurationList section */
		DE1968BF2CFDDE2F00F8564E /* Build configuration list for PBXProject "FlutterExperiments" */ = {
			isa = XCConfigurationList;
			buildConfigurations = (
				DE1968D62CFDDE3000F8564E /* Debug */,
				DE1968D72CFDDE3000F8564E /* Release */,
			);
			defaultConfigurationIsVisible = 0;
			defaultConfigurationName = Release;
		};
		DE1968D82CFDDE3000F8564E /* Build configuration list for PBXNativeTarget "FlutterExperiments" */ = {
			isa = XCConfigurationList;
			buildConfigurations = (
				DE1968D92CFDDE3000F8564E /* Debug */,
				DE1968DA2CFDDE3000F8564E /* Release */,
			);
			defaultConfigurationIsVisible = 0;
			defaultConfigurationName = Release;
		};
/* End XCConfigurationList section */
	};
	rootObject = DE1968BC2CFDDE2F00F8564E /* Project object */;
}
